
Microsoft Visual Studio Solution File, Format Version 12.00
# Visual Studio 15
VisualStudioVersion = 15.0.28307.329
MinimumVisualStudioVersion = 10.0.40219.1
Project("{FAE04EC0-301F-11D3-BF4B-00C04F79EFBC}") = "task2", "task2\task2.csproj", "{9C0C1D80-6A98-4865-BCA0-EF4F1778840A}"
EndProject
Global
	GlobalSection(SolutionConfigurationPlatforms) = preSolution
		Debug|Any CPU = Debug|Any CPU
		Release|Any CPU = Release|Any CPU
	EndGlobalSection
	GlobalSection(ProjectConfigurationPlatforms) = postSolution
		{9C0C1D80-6A98-4865-BCA0-EF4F1778840A}.Debug|Any CPU.ActiveCfg = Debug|Any CPU
		{9C0C1D80-6A98-4865-BCA0-EF4F1778840A}.Debug|Any CPU.Build.0 = Debug|Any CPU
		{9C0C1D80-6A98-4865-BCA0-EF4F1778840A}.Release|Any CPU.ActiveCfg = Release|Any CPU
		{9C0C1D80-6A98-4865-BCA0-EF4F1778840A}.Release|Any CPU.Build.0 = Release|Any CPU
	EndGlobalSection
	GlobalSection(SolutionProperties) = preSolution
		HideSolutionNode = FALSE
	EndGlobalSection
	GlobalSection(ExtensibilityGlobals) = postSolution
		SolutionGuid = {6058BB56-8DDA-4003-A8C3-8E819F6B76D3}
	EndGlobalSection
EndGlobal
