
Microsoft Visual Studio Solution File, Format Version 12.00
# Visual Studio 15
VisualStudioVersion = 15.0.28307.329
MinimumVisualStudioVersion = 10.0.40219.1
Project("{FAE04EC0-301F-11D3-BF4B-00C04F79EFBC}") = "task2", "task2\task2.csproj", "{7031630E-5DD9-46E3-95FC-00CB9F11F429}"
EndProject
Global
	GlobalSection(SolutionConfigurationPlatforms) = preSolution
		Debug|Any CPU = Debug|Any CPU
		Release|Any CPU = Release|Any CPU
	EndGlobalSection
	GlobalSection(ProjectConfigurationPlatforms) = postSolution
		{7031630E-5DD9-46E3-95FC-00CB9F11F429}.Debug|Any CPU.ActiveCfg = Debug|Any CPU
		{7031630E-5DD9-46E3-95FC-00CB9F11F429}.Debug|Any CPU.Build.0 = Debug|Any CPU
		{7031630E-5DD9-46E3-95FC-00CB9F11F429}.Release|Any CPU.ActiveCfg = Release|Any CPU
		{7031630E-5DD9-46E3-95FC-00CB9F11F429}.Release|Any CPU.Build.0 = Release|Any CPU
	EndGlobalSection
	GlobalSection(SolutionProperties) = preSolution
		HideSolutionNode = FALSE
	EndGlobalSection
	GlobalSection(ExtensibilityGlobals) = postSolution
		SolutionGuid = {A8BDD183-9BDB-49A7-9C82-C0F5F3D90AC9}
	EndGlobalSection
EndGlobal
