
Microsoft Visual Studio Solution File, Format Version 12.00
# Visual Studio 15
VisualStudioVersion = 15.0.28307.329
MinimumVisualStudioVersion = 10.0.40219.1
Project("{FAE04EC0-301F-11D3-BF4B-00C04F79EFBC}") = "fm", "fm\fm.csproj", "{09AADF88-CFB6-46F5-9AF5-349ACC4090A3}"
EndProject
Global
	GlobalSection(SolutionConfigurationPlatforms) = preSolution
		Debug|Any CPU = Debug|Any CPU
		Release|Any CPU = Release|Any CPU
	EndGlobalSection
	GlobalSection(ProjectConfigurationPlatforms) = postSolution
		{09AADF88-CFB6-46F5-9AF5-349ACC4090A3}.Debug|Any CPU.ActiveCfg = Debug|Any CPU
		{09AADF88-CFB6-46F5-9AF5-349ACC4090A3}.Debug|Any CPU.Build.0 = Debug|Any CPU
		{09AADF88-CFB6-46F5-9AF5-349ACC4090A3}.Release|Any CPU.ActiveCfg = Release|Any CPU
		{09AADF88-CFB6-46F5-9AF5-349ACC4090A3}.Release|Any CPU.Build.0 = Release|Any CPU
	EndGlobalSection
	GlobalSection(SolutionProperties) = preSolution
		HideSolutionNode = FALSE
	EndGlobalSection
	GlobalSection(ExtensibilityGlobals) = postSolution
		SolutionGuid = {CF9CA7B6-4EDC-43E2-8704-81C2BE4F12CA}
	EndGlobalSection
EndGlobal
