
Microsoft Visual Studio Solution File, Format Version 12.00
# Visual Studio 15
VisualStudioVersion = 15.0.28307.329
MinimumVisualStudioVersion = 10.0.40219.1
Project("{FAE04EC0-301F-11D3-BF4B-00C04F79EFBC}") = "task2", "task2\task2.csproj", "{1D277AF6-1EC3-4883-9992-1687151506FD}"
EndProject
Global
	GlobalSection(SolutionConfigurationPlatforms) = preSolution
		Debug|Any CPU = Debug|Any CPU
		Release|Any CPU = Release|Any CPU
	EndGlobalSection
	GlobalSection(ProjectConfigurationPlatforms) = postSolution
		{1D277AF6-1EC3-4883-9992-1687151506FD}.Debug|Any CPU.ActiveCfg = Debug|Any CPU
		{1D277AF6-1EC3-4883-9992-1687151506FD}.Debug|Any CPU.Build.0 = Debug|Any CPU
		{1D277AF6-1EC3-4883-9992-1687151506FD}.Release|Any CPU.ActiveCfg = Release|Any CPU
		{1D277AF6-1EC3-4883-9992-1687151506FD}.Release|Any CPU.Build.0 = Release|Any CPU
	EndGlobalSection
	GlobalSection(SolutionProperties) = preSolution
		HideSolutionNode = FALSE
	EndGlobalSection
	GlobalSection(ExtensibilityGlobals) = postSolution
		SolutionGuid = {8D63C0C6-3BF2-4320-9DD8-90957BDCBD29}
	EndGlobalSection
EndGlobal
