
Microsoft Visual Studio Solution File, Format Version 12.00
# Visual Studio 15
VisualStudioVersion = 15.0.28307.329
MinimumVisualStudioVersion = 10.0.40219.1
Project("{FAE04EC0-301F-11D3-BF4B-00C04F79EFBC}") = "task2", "task2\task2.csproj", "{7F998585-99F4-40E1-9059-8C15E35A0985}"
EndProject
Global
	GlobalSection(SolutionConfigurationPlatforms) = preSolution
		Debug|Any CPU = Debug|Any CPU
		Release|Any CPU = Release|Any CPU
	EndGlobalSection
	GlobalSection(ProjectConfigurationPlatforms) = postSolution
		{7F998585-99F4-40E1-9059-8C15E35A0985}.Debug|Any CPU.ActiveCfg = Debug|Any CPU
		{7F998585-99F4-40E1-9059-8C15E35A0985}.Debug|Any CPU.Build.0 = Debug|Any CPU
		{7F998585-99F4-40E1-9059-8C15E35A0985}.Release|Any CPU.ActiveCfg = Release|Any CPU
		{7F998585-99F4-40E1-9059-8C15E35A0985}.Release|Any CPU.Build.0 = Release|Any CPU
	EndGlobalSection
	GlobalSection(SolutionProperties) = preSolution
		HideSolutionNode = FALSE
	EndGlobalSection
	GlobalSection(ExtensibilityGlobals) = postSolution
		SolutionGuid = {C4A64531-62D5-4D37-9DEA-709D8D6EA2D7}
	EndGlobalSection
EndGlobal
